
Microsoft Visual Studio Solution File, Format Version 12.00
# Visual Studio Version 16
VisualStudioVersion = 16.0.30320.27
MinimumVisualStudioVersion = 10.0.40219.1
Project("{9A19103F-16F7-4668-BE54-9A1E7A4F7556}") = "HelloZen", "HelloZen\HelloZen.csproj", "{52BE708D-86C7-428F-8E4C-F1BF48EB96C3}"
EndProject
Project("{FAE04EC0-301F-11D3-BF4B-00C04F79EFBC}") = "HelloZenTest", "HelloZenTest\HelloZenTest.csproj", "{EE5A4242-E5DE-42DB-AE22-23A35596B11D}"
	ProjectSection(ProjectDependencies) = postProject
		{52BE708D-86C7-428F-8E4C-F1BF48EB96C3} = {52BE708D-86C7-428F-8E4C-F1BF48EB96C3}
	EndProjectSection
EndProject
Global
	GlobalSection(SolutionConfigurationPlatforms) = preSolution
		Debug|Any CPU = Debug|Any CPU
		Release|Any CPU = Release|Any CPU
	EndGlobalSection
	GlobalSection(ProjectConfigurationPlatforms) = postSolution
		{52BE708D-86C7-428F-8E4C-F1BF48EB96C3}.Debug|Any CPU.ActiveCfg = Debug|Any CPU
		{52BE708D-86C7-428F-8E4C-F1BF48EB96C3}.Debug|Any CPU.Build.0 = Debug|Any CPU
		{52BE708D-86C7-428F-8E4C-F1BF48EB96C3}.Release|Any CPU.ActiveCfg = Release|Any CPU
		{52BE708D-86C7-428F-8E4C-F1BF48EB96C3}.Release|Any CPU.Build.0 = Release|Any CPU
		{EE5A4242-E5DE-42DB-AE22-23A35596B11D}.Debug|Any CPU.ActiveCfg = Debug|Any CPU
		{EE5A4242-E5DE-42DB-AE22-23A35596B11D}.Debug|Any CPU.Build.0 = Debug|Any CPU
		{EE5A4242-E5DE-42DB-AE22-23A35596B11D}.Release|Any CPU.ActiveCfg = Release|Any CPU
		{EE5A4242-E5DE-42DB-AE22-23A35596B11D}.Release|Any CPU.Build.0 = Release|Any CPU
	EndGlobalSection
	GlobalSection(SolutionProperties) = preSolution
		HideSolutionNode = FALSE
	EndGlobalSection
	GlobalSection(ExtensibilityGlobals) = postSolution
		SolutionGuid = {300AB2DD-AA52-4113-BA69-1AF266E29D61}
	EndGlobalSection
EndGlobal
